
Microsoft Visual Studio Solution File, Format Version 12.00
# Visual Studio Version 16
VisualStudioVersion = 16.0.31205.134
MinimumVisualStudioVersion = 10.0.40219.1
Project("{FAE04EC0-301F-11D3-BF4B-00C04F79EFBC}") = "Cloth_shop", "Cloth_shop\Cloth_shop.csproj", "{D68A3F0A-3CF8-4650-8683-9369F3328278}"
EndProject
Global
	GlobalSection(SolutionConfigurationPlatforms) = preSolution
		Debug|Any CPU = Debug|Any CPU
		Release|Any CPU = Release|Any CPU
	EndGlobalSection
	GlobalSection(ProjectConfigurationPlatforms) = postSolution
		{D68A3F0A-3CF8-4650-8683-9369F3328278}.Debug|Any CPU.ActiveCfg = Debug|Any CPU
		{D68A3F0A-3CF8-4650-8683-9369F3328278}.Debug|Any CPU.Build.0 = Debug|Any CPU
		{D68A3F0A-3CF8-4650-8683-9369F3328278}.Release|Any CPU.ActiveCfg = Release|Any CPU
		{D68A3F0A-3CF8-4650-8683-9369F3328278}.Release|Any CPU.Build.0 = Release|Any CPU
	EndGlobalSection
	GlobalSection(SolutionProperties) = preSolution
		HideSolutionNode = FALSE
	EndGlobalSection
	GlobalSection(ExtensibilityGlobals) = postSolution
		SolutionGuid = {745BDCFB-B888-4005-BAFD-AE933D75CAA3}
	EndGlobalSection
EndGlobal
